// !$*UTF8*$!
{
	archiveVersion = 1;
	classes = {
	};
	objectVersion = 56;
	objects = {

/* Begin PBXBuildFile section */
		8A5F70552AAFE7AC00E9DB9E /* AppDelegate.swift in Sources */ = {isa = PBXBuildFile; fileRef = 8A5F70542AAFE7AC00E9DB9E /* AppDelegate.swift */; };
		8A5F70572AAFE7AC00E9DB9E /* SceneDelegate.swift in Sources */ = {isa = PBXBuildFile; fileRef = 8A5F70562AAFE7AC00E9DB9E /* SceneDelegate.swift */; };
		8A5F70592AAFE7AC00E9DB9E /* mainViewController.swift in Sources */ = {isa = PBXBuildFile; fileRef = 8A5F70582AAFE7AC00E9DB9E /* mainViewController.swift */; };
		8A5F705C2AAFE7AC00E9DB9E /* Main.storyboard in Resources */ = {isa = PBXBuildFile; fileRef = 8A5F705A2AAFE7AC00E9DB9E /* Main.storyboard */; };
		8A5F705E2AAFE7AE00E9DB9E /* Assets.xcassets in Resources */ = {isa = PBXBuildFile; fileRef = 8A5F705D2AAFE7AE00E9DB9E /* Assets.xcassets */; };
		8A5F70612AAFE7AE00E9DB9E /* LaunchScreen.storyboard in Resources */ = {isa = PBXBuildFile; fileRef = 8A5F705F2AAFE7AE00E9DB9E /* LaunchScreen.storyboard */; };
		8A5F706C2AAFE7AE00E9DB9E /* fineDustCheckTests.swift in Sources */ = {isa = PBXBuildFile; fileRef = 8A5F706B2AAFE7AE00E9DB9E /* fineDustCheckTests.swift */; };
		8A5F70762AAFE7AE00E9DB9E /* fineDustCheckUITests.swift in Sources */ = {isa = PBXBuildFile; fileRef = 8A5F70752AAFE7AE00E9DB9E /* fineDustCheckUITests.swift */; };
		8A5F70782AAFE7AE00E9DB9E /* fineDustCheckUITestsLaunchTests.swift in Sources */ = {isa = PBXBuildFile; fileRef = 8A5F70772AAFE7AE00E9DB9E /* fineDustCheckUITestsLaunchTests.swift */; };
		8A5F708F2AB0232000E9DB9E /* Alamofire in Frameworks */ = {isa = PBXBuildFile; productRef = 8A5F708E2AB0232000E9DB9E /* Alamofire */; };
		8A5F70922AB0236A00E9DB9E /* SwiftyJSON in Frameworks */ = {isa = PBXBuildFile; productRef = 8A5F70912AB0236A00E9DB9E /* SwiftyJSON */; };
		8A5F70952AB0237A00E9DB9E /* Then in Frameworks */ = {isa = PBXBuildFile; productRef = 8A5F70942AB0237A00E9DB9E /* Then */; };
		8A5F70982AB023FF00E9DB9E /* Constant.swift in Sources */ = {isa = PBXBuildFile; fileRef = 8A5F70972AB023FF00E9DB9E /* Constant.swift */; };
		8A5F709A2AB0240A00E9DB9E /* LocationInfo.swift in Sources */ = {isa = PBXBuildFile; fileRef = 8A5F70992AB0240A00E9DB9E /* LocationInfo.swift */; };
/* End PBXBuildFile section */

/* Begin PBXContainerItemProxy section */
		8A5F70682AAFE7AE00E9DB9E /* PBXContainerItemProxy */ = {
			isa = PBXContainerItemProxy;
			containerPortal = 8A5F70492AAFE7AC00E9DB9E /* Project object */;
			proxyType = 1;
			remoteGlobalIDString = 8A5F70502AAFE7AC00E9DB9E;
			remoteInfo = fineDustCheck;
		};
		8A5F70722AAFE7AE00E9DB9E /* PBXContainerItemProxy */ = {
			isa = PBXContainerItemProxy;
			containerPortal = 8A5F70492AAFE7AC00E9DB9E /* Project object */;
			proxyType = 1;
			remoteGlobalIDString = 8A5F70502AAFE7AC00E9DB9E;
			remoteInfo = fineDustCheck;
		};
/* End PBXContainerItemProxy section */

/* Begin PBXFileReference section */
		8A5F70512AAFE7AC00E9DB9E /* fineDustCheck.app */ = {isa = PBXFileReference; explicitFileType = wrapper.application; includeInIndex = 0; path = fineDustCheck.app; sourceTree = BUILT_PRODUCTS_DIR; };
		8A5F70542AAFE7AC00E9DB9E /* AppDelegate.swift */ = {isa = PBXFileReference; lastKnownFileType = sourcecode.swift; path = AppDelegate.swift; sourceTree = "<group>"; };
		8A5F70562AAFE7AC00E9DB9E /* SceneDelegate.swift */ = {isa = PBXFileReference; lastKnownFileType = sourcecode.swift; path = SceneDelegate.swift; sourceTree = "<group>"; };
		8A5F70582AAFE7AC00E9DB9E /* mainViewController.swift */ = {isa = PBXFileReference; lastKnownFileType = sourcecode.swift; path = mainViewController.swift; sourceTree = "<group>"; };
		8A5F705B2AAFE7AC00E9DB9E /* Base */ = {isa = PBXFileReference; lastKnownFileType = file.storyboard; name = Base; path = Base.lproj/Main.storyboard; sourceTree = "<group>"; };
		8A5F705D2AAFE7AE00E9DB9E /* Assets.xcassets */ = {isa = PBXFileReference; lastKnownFileType = folder.assetcatalog; path = Assets.xcassets; sourceTree = "<group>"; };
		8A5F70602AAFE7AE00E9DB9E /* Base */ = {isa = PBXFileReference; lastKnownFileType = file.storyboard; name = Base; path = Base.lproj/LaunchScreen.storyboard; sourceTree = "<group>"; };
		8A5F70622AAFE7AE00E9DB9E /* Info.plist */ = {isa = PBXFileReference; lastKnownFileType = text.plist.xml; path = Info.plist; sourceTree = "<group>"; };
		8A5F70672AAFE7AE00E9DB9E /* fineDustCheckTests.xctest */ = {isa = PBXFileReference; explicitFileType = wrapper.cfbundle; includeInIndex = 0; path = fineDustCheckTests.xctest; sourceTree = BUILT_PRODUCTS_DIR; };
		8A5F706B2AAFE7AE00E9DB9E /* fineDustCheckTests.swift */ = {isa = PBXFileReference; lastKnownFileType = sourcecode.swift; path = fineDustCheckTests.swift; sourceTree = "<group>"; };
		8A5F70712AAFE7AE00E9DB9E /* fineDustCheckUITests.xctest */ = {isa = PBXFileReference; explicitFileType = wrapper.cfbundle; includeInIndex = 0; path = fineDustCheckUITests.xctest; sourceTree = BUILT_PRODUCTS_DIR; };
		8A5F70752AAFE7AE00E9DB9E /* fineDustCheckUITests.swift */ = {isa = PBXFileReference; lastKnownFileType = sourcecode.swift; path = fineDustCheckUITests.swift; sourceTree = "<group>"; };
		8A5F70772AAFE7AE00E9DB9E /* fineDustCheckUITestsLaunchTests.swift */ = {isa = PBXFileReference; lastKnownFileType = sourcecode.swift; path = fineDustCheckUITestsLaunchTests.swift; sourceTree = "<group>"; };
		8A5F70972AB023FF00E9DB9E /* Constant.swift */ = {isa = PBXFileReference; lastKnownFileType = sourcecode.swift; path = Constant.swift; sourceTree = "<group>"; };
		8A5F70992AB0240A00E9DB9E /* LocationInfo.swift */ = {isa = PBXFileReference; lastKnownFileType = sourcecode.swift; path = LocationInfo.swift; sourceTree = "<group>"; };
/* End PBXFileReference section */

/* Begin PBXFrameworksBuildPhase section */
		8A5F704E2AAFE7AC00E9DB9E /* Frameworks */ = {
			isa = PBXFrameworksBuildPhase;
			buildActionMask = 2147483647;
			files = (
				8A5F70922AB0236A00E9DB9E /* SwiftyJSON in Frameworks */,
				8A5F70952AB0237A00E9DB9E /* Then in Frameworks */,
				8A5F708F2AB0232000E9DB9E /* Alamofire in Frameworks */,
			);
			runOnlyForDeploymentPostprocessing = 0;
		};
		8A5F70642AAFE7AE00E9DB9E /* Frameworks */ = {
			isa = PBXFrameworksBuildPhase;
			buildActionMask = 2147483647;
			files = (
			);
			runOnlyForDeploymentPostprocessing = 0;
		};
		8A5F706E2AAFE7AE00E9DB9E /* Frameworks */ = {
			isa = PBXFrameworksBuildPhase;
			buildActionMask = 2147483647;
			files = (
			);
			runOnlyForDeploymentPostprocessing = 0;
		};
/* End PBXFrameworksBuildPhase section */

/* Begin PBXGroup section */
		8A5F70482AAFE7AC00E9DB9E = {
			isa = PBXGroup;
			children = (
				8A5F70532AAFE7AC00E9DB9E /* fineDustCheck */,
				8A5F706A2AAFE7AE00E9DB9E /* fineDustCheckTests */,
				8A5F70742AAFE7AE00E9DB9E /* fineDustCheckUITests */,
				8A5F70522AAFE7AC00E9DB9E /* Products */,
			);
			sourceTree = "<group>";
		};
		8A5F70522AAFE7AC00E9DB9E /* Products */ = {
			isa = PBXGroup;
			children = (
				8A5F70512AAFE7AC00E9DB9E /* fineDustCheck.app */,
				8A5F70672AAFE7AE00E9DB9E /* fineDustCheckTests.xctest */,
				8A5F70712AAFE7AE00E9DB9E /* fineDustCheckUITests.xctest */,
			);
			name = Products;
			sourceTree = "<group>";
		};
		8A5F70532AAFE7AC00E9DB9E /* fineDustCheck */ = {
			isa = PBXGroup;
			children = (
				8A5F70962AB023EE00E9DB9E /* Model */,
				8A5F70542AAFE7AC00E9DB9E /* AppDelegate.swift */,
				8A5F70562AAFE7AC00E9DB9E /* SceneDelegate.swift */,
				8A5F70582AAFE7AC00E9DB9E /* mainViewController.swift */,
				8A5F705A2AAFE7AC00E9DB9E /* Main.storyboard */,
				8A5F705D2AAFE7AE00E9DB9E /* Assets.xcassets */,
				8A5F705F2AAFE7AE00E9DB9E /* LaunchScreen.storyboard */,
				8A5F70622AAFE7AE00E9DB9E /* Info.plist */,
			);
			path = fineDustCheck;
			sourceTree = "<group>";
		};
		8A5F706A2AAFE7AE00E9DB9E /* fineDustCheckTests */ = {
			isa = PBXGroup;
			children = (
				8A5F706B2AAFE7AE00E9DB9E /* fineDustCheckTests.swift */,
			);
			path = fineDustCheckTests;
			sourceTree = "<group>";
		};
		8A5F70742AAFE7AE00E9DB9E /* fineDustCheckUITests */ = {
			isa = PBXGroup;
			children = (
				8A5F70752AAFE7AE00E9DB9E /* fineDustCheckUITests.swift */,
				8A5F70772AAFE7AE00E9DB9E /* fineDustCheckUITestsLaunchTests.swift */,
			);
			path = fineDustCheckUITests;
			sourceTree = "<group>";
		};
		8A5F70962AB023EE00E9DB9E /* Model */ = {
			isa = PBXGroup;
			children = (
				8A5F70972AB023FF00E9DB9E /* Constant.swift */,
				8A5F70992AB0240A00E9DB9E /* LocationInfo.swift */,
			);
			path = Model;
			sourceTree = "<group>";
		};
/* End PBXGroup section */

/* Begin PBXNativeTarget section */
		8A5F70502AAFE7AC00E9DB9E /* fineDustCheck */ = {
			isa = PBXNativeTarget;
			buildConfigurationList = 8A5F707B2AAFE7AE00E9DB9E /* Build configuration list for PBXNativeTarget "fineDustCheck" */;
			buildPhases = (
				8A5F704D2AAFE7AC00E9DB9E /* Sources */,
				8A5F704E2AAFE7AC00E9DB9E /* Frameworks */,
				8A5F704F2AAFE7AC00E9DB9E /* Resources */,
			);
			buildRules = (
			);
			dependencies = (
			);
			name = fineDustCheck;
			packageProductDependencies = (
				8A5F708E2AB0232000E9DB9E /* Alamofire */,
				8A5F70912AB0236A00E9DB9E /* SwiftyJSON */,
				8A5F70942AB0237A00E9DB9E /* Then */,
			);
			productName = fineDustCheck;
			productReference = 8A5F70512AAFE7AC00E9DB9E /* fineDustCheck.app */;
			productType = "com.apple.product-type.application";
		};
		8A5F70662AAFE7AE00E9DB9E /* fineDustCheckTests */ = {
			isa = PBXNativeTarget;
			buildConfigurationList = 8A5F707E2AAFE7AE00E9DB9E /* Build configuration list for PBXNativeTarget "fineDustCheckTests" */;
			buildPhases = (
				8A5F70632AAFE7AE00E9DB9E /* Sources */,
				8A5F70642AAFE7AE00E9DB9E /* Frameworks */,
				8A5F70652AAFE7AE00E9DB9E /* Resources */,
			);
			buildRules = (
			);
			dependencies = (
				8A5F70692AAFE7AE00E9DB9E /* PBXTargetDependency */,
			);
			name = fineDustCheckTests;
			productName = fineDustCheckTests;
			productReference = 8A5F70672AAFE7AE00E9DB9E /* fineDustCheckTests.xctest */;
			productType = "com.apple.product-type.bundle.unit-test";
		};
		8A5F70702AAFE7AE00E9DB9E /* fineDustCheckUITests */ = {
			isa = PBXNativeTarget;
			buildConfigurationList = 8A5F70812AAFE7AE00E9DB9E /* Build configuration list for PBXNativeTarget "fineDustCheckUITests" */;
			buildPhases = (
				8A5F706D2AAFE7AE00E9DB9E /* Sources */,
				8A5F706E2AAFE7AE00E9DB9E /* Frameworks */,
				8A5F706F2AAFE7AE00E9DB9E /* Resources */,
			);
			buildRules = (
			);
			dependencies = (
				8A5F70732AAFE7AE00E9DB9E /* PBXTargetDependency */,
			);
			name = fineDustCheckUITests;
			productName = fineDustCheckUITests;
			productReference = 8A5F70712AAFE7AE00E9DB9E /* fineDustCheckUITests.xctest */;
			productType = "com.apple.product-type.bundle.ui-testing";
		};
/* End PBXNativeTarget section */

/* Begin PBXProject section */
		8A5F70492AAFE7AC00E9DB9E /* Project object */ = {
			isa = PBXProject;
			attributes = {
				BuildIndependentTargetsInParallel = 1;
				LastSwiftUpdateCheck = 1430;
				LastUpgradeCheck = 1430;
				TargetAttributes = {
					8A5F70502AAFE7AC00E9DB9E = {
						CreatedOnToolsVersion = 14.3.1;
					};
					8A5F70662AAFE7AE00E9DB9E = {
						CreatedOnToolsVersion = 14.3.1;
						TestTargetID = 8A5F70502AAFE7AC00E9DB9E;
					};
					8A5F70702AAFE7AE00E9DB9E = {
						CreatedOnToolsVersion = 14.3.1;
						TestTargetID = 8A5F70502AAFE7AC00E9DB9E;
					};
				};
			};
			buildConfigurationList = 8A5F704C2AAFE7AC00E9DB9E /* Build configuration list for PBXProject "fineDustCheck" */;
			compatibilityVersion = "Xcode 14.0";
			developmentRegion = en;
			hasScannedForEncodings = 0;
			knownRegions = (
				en,
				Base,
			);
			mainGroup = 8A5F70482AAFE7AC00E9DB9E;
			packageReferences = (
				8A5F708D2AB0232000E9DB9E /* XCRemoteSwiftPackageReference "Alamofire" */,
				8A5F70902AB0236A00E9DB9E /* XCRemoteSwiftPackageReference "SwiftyJSON" */,
				8A5F70932AB0237A00E9DB9E /* XCRemoteSwiftPackageReference "Then" */,
			);
			productRefGroup = 8A5F70522AAFE7AC00E9DB9E /* Products */;
			projectDirPath = "";
			projectRoot = "";
			targets = (
				8A5F70502AAFE7AC00E9DB9E /* fineDustCheck */,
				8A5F70662AAFE7AE00E9DB9E /* fineDustCheckTests */,
				8A5F70702AAFE7AE00E9DB9E /* fineDustCheckUITests */,
			);
		};
/* End PBXProject section */

/* Begin PBXResourcesBuildPhase section */
		8A5F704F2AAFE7AC00E9DB9E /* Resources */ = {
			isa = PBXResourcesBuildPhase;
			buildActionMask = 2147483647;
			files = (
				8A5F70612AAFE7AE00E9DB9E /* LaunchScreen.storyboard in Resources */,
				8A5F705E2AAFE7AE00E9DB9E /* Assets.xcassets in Resources */,
				8A5F705C2AAFE7AC00E9DB9E /* Main.storyboard in Resources */,
			);
			runOnlyForDeploymentPostprocessing = 0;
		};
		8A5F70652AAFE7AE00E9DB9E /* Resources */ = {
			isa = PBXResourcesBuildPhase;
			buildActionMask = 2147483647;
			files = (
			);
			runOnlyForDeploymentPostprocessing = 0;
		};
		8A5F706F2AAFE7AE00E9DB9E /* Resources */ = {
			isa = PBXResourcesBuildPhase;
			buildActionMask = 2147483647;
			files = (
			);
			runOnlyForDeploymentPostprocessing = 0;
		};
/* End PBXResourcesBuildPhase section */

/* Begin PBXSourcesBuildPhase section */
		8A5F704D2AAFE7AC00E9DB9E /* Sources */ = {
			isa = PBXSourcesBuildPhase;
			buildActionMask = 2147483647;
			files = (
				8A5F70592AAFE7AC00E9DB9E /* mainViewController.swift in Sources */,
				8A5F70552AAFE7AC00E9DB9E /* AppDelegate.swift in Sources */,
				8A5F70572AAFE7AC00E9DB9E /* SceneDelegate.swift in Sources */,
				8A5F709A2AB0240A00E9DB9E /* LocationInfo.swift in Sources */,
				8A5F70982AB023FF00E9DB9E /* Constant.swift in Sources */,
			);
			runOnlyForDeploymentPostprocessing = 0;
		};
		8A5F70632AAFE7AE00E9DB9E /* Sources */ = {
			isa = PBXSourcesBuildPhase;
			buildActionMask = 2147483647;
			files = (
				8A5F706C2AAFE7AE00E9DB9E /* fineDustCheckTests.swift in Sources */,
			);
			runOnlyForDeploymentPostprocessing = 0;
		};
		8A5F706D2AAFE7AE00E9DB9E /* Sources */ = {
			isa = PBXSourcesBuildPhase;
			buildActionMask = 2147483647;
			files = (
				8A5F70762AAFE7AE00E9DB9E /* fineDustCheckUITests.swift in Sources */,
				8A5F70782AAFE7AE00E9DB9E /* fineDustCheckUITestsLaunchTests.swift in Sources */,
			);
			runOnlyForDeploymentPostprocessing = 0;
		};
/* End PBXSourcesBuildPhase section */

/* Begin PBXTargetDependency section */
		8A5F70692AAFE7AE00E9DB9E /* PBXTargetDependency */ = {
			isa = PBXTargetDependency;
			target = 8A5F70502AAFE7AC00E9DB9E /* fineDustCheck */;
			targetProxy = 8A5F70682AAFE7AE00E9DB9E /* PBXContainerItemProxy */;
		};
		8A5F70732AAFE7AE00E9DB9E /* PBXTargetDependency */ = {
			isa = PBXTargetDependency;
			target = 8A5F70502AAFE7AC00E9DB9E /* fineDustCheck */;
			targetProxy = 8A5F70722AAFE7AE00E9DB9E /* PBXContainerItemProxy */;
		};
/* End PBXTargetDependency section */

/* Begin PBXVariantGroup section */
		8A5F705A2AAFE7AC00E9DB9E /* Main.storyboard */ = {
			isa = PBXVariantGroup;
			children = (
				8A5F705B2AAFE7AC00E9DB9E /* Base */,
			);
			name = Main.storyboard;
			sourceTree = "<group>";
		};
		8A5F705F2AAFE7AE00E9DB9E /* LaunchScreen.storyboard */ = {
			isa = PBXVariantGroup;
			children = (
				8A5F70602AAFE7AE00E9DB9E /* Base */,
			);
			name = LaunchScreen.storyboard;
			sourceTree = "<group>";
		};
/* End PBXVariantGroup section */

/* Begin XCBuildConfiguration section */
		8A5F70792AAFE7AE00E9DB9E /* Debug */ = {
			isa = XCBuildConfiguration;
			buildSettings = {
				ALWAYS_SEARCH_USER_PATHS = NO;
				CLANG_ANALYZER_NONNULL = YES;
				CLANG_ANALYZER_NUMBER_OBJECT_CONVERSION = YES_AGGRESSIVE;
				CLANG_CXX_LANGUAGE_STANDARD = "gnu++20";
				CLANG_ENABLE_MODULES = YES;
				CLANG_ENABLE_OBJC_ARC = YES;
				CLANG_ENABLE_OBJC_WEAK = YES;
				CLANG_WARN_BLOCK_CAPTURE_AUTORELEASING = YES;
				CLANG_WARN_BOOL_CONVERSION = YES;
				CLANG_WARN_COMMA = YES;
				CLANG_WARN_CONSTANT_CONVERSION = YES;
				CLANG_WARN_DEPRECATED_OBJC_IMPLEMENTATIONS = YES;
				CLANG_WARN_DIRECT_OBJC_ISA_USAGE = YES_ERROR;
				CLANG_WARN_DOCUMENTATION_COMMENTS = YES;
				CLANG_WARN_EMPTY_BODY = YES;
				CLANG_WARN_ENUM_CONVERSION = YES;
				CLANG_WARN_INFINITE_RECURSION = YES;
				CLANG_WARN_INT_CONVERSION = YES;
				CLANG_WARN_NON_LITERAL_NULL_CONVERSION = YES;
				CLANG_WARN_OBJC_IMPLICIT_RETAIN_SELF = YES;
				CLANG_WARN_OBJC_LITERAL_CONVERSION = YES;
				CLANG_WARN_OBJC_ROOT_CLASS = YES_ERROR;
				CLANG_WARN_QUOTED_INCLUDE_IN_FRAMEWORK_HEADER = YES;
				CLANG_WARN_RANGE_LOOP_ANALYSIS = YES;
				CLANG_WARN_STRICT_PROTOTYPES = YES;
				CLANG_WARN_SUSPICIOUS_MOVE = YES;
				CLANG_WARN_UNGUARDED_AVAILABILITY = YES_AGGRESSIVE;
				CLANG_WARN_UNREACHABLE_CODE = YES;
				CLANG_WARN__DUPLICATE_METHOD_MATCH = YES;
				COPY_PHASE_STRIP = NO;
				DEBUG_INFORMATION_FORMAT = dwarf;
				ENABLE_STRICT_OBJC_MSGSEND = YES;
				ENABLE_TESTABILITY = YES;
				GCC_C_LANGUAGE_STANDARD = gnu11;
				GCC_DYNAMIC_NO_PIC = NO;
				GCC_NO_COMMON_BLOCKS = YES;
				GCC_OPTIMIZATION_LEVEL = 0;
				GCC_PREPROCESSOR_DEFINITIONS = (
					"DEBUG=1",
					"$(inherited)",
				);
				GCC_WARN_64_TO_32_BIT_CONVERSION = YES;
				GCC_WARN_ABOUT_RETURN_TYPE = YES_ERROR;
				GCC_WARN_UNDECLARED_SELECTOR = YES;
				GCC_WARN_UNINITIALIZED_AUTOS = YES_AGGRESSIVE;
				GCC_WARN_UNUSED_FUNCTION = YES;
				GCC_WARN_UNUSED_VARIABLE = YES;
				IPHONEOS_DEPLOYMENT_TARGET = 16.4;
				MTL_ENABLE_DEBUG_INFO = INCLUDE_SOURCE;
				MTL_FAST_MATH = YES;
				ONLY_ACTIVE_ARCH = YES;
				SDKROOT = iphoneos;
				SWIFT_ACTIVE_COMPILATION_CONDITIONS = DEBUG;
				SWIFT_OPTIMIZATION_LEVEL = "-Onone";
			};
			name = Debug;
		};
		8A5F707A2AAFE7AE00E9DB9E /* Release */ = {
			isa = XCBuildConfiguration;
			buildSettings = {
				ALWAYS_SEARCH_USER_PATHS = NO;
				CLANG_ANALYZER_NONNULL = YES;
				CLANG_ANALYZER_NUMBER_OBJECT_CONVERSION = YES_AGGRESSIVE;
				CLANG_CXX_LANGUAGE_STANDARD = "gnu++20";
				CLANG_ENABLE_MODULES = YES;
				CLANG_ENABLE_OBJC_ARC = YES;
				CLANG_ENABLE_OBJC_WEAK = YES;
				CLANG_WARN_BLOCK_CAPTURE_AUTORELEASING = YES;
				CLANG_WARN_BOOL_CONVERSION = YES;
				CLANG_WARN_COMMA = YES;
				CLANG_WARN_CONSTANT_CONVERSION = YES;
				CLANG_WARN_DEPRECATED_OBJC_IMPLEMENTATIONS = YES;
				CLANG_WARN_DIRECT_OBJC_ISA_USAGE = YES_ERROR;
				CLANG_WARN_DOCUMENTATION_COMMENTS = YES;
				CLANG_WARN_EMPTY_BODY = YES;
				CLANG_WARN_ENUM_CONVERSION = YES;
				CLANG_WARN_INFINITE_RECURSION = YES;
				CLANG_WARN_INT_CONVERSION = YES;
				CLANG_WARN_NON_LITERAL_NULL_CONVERSION = YES;
				CLANG_WARN_OBJC_IMPLICIT_RETAIN_SELF = YES;
				CLANG_WARN_OBJC_LITERAL_CONVERSION = YES;
				CLANG_WARN_OBJC_ROOT_CLASS = YES_ERROR;
				CLANG_WARN_QUOTED_INCLUDE_IN_FRAMEWORK_HEADER = YES;
				CLANG_WARN_RANGE_LOOP_ANALYSIS = YES;
				CLANG_WARN_STRICT_PROTOTYPES = YES;
				CLANG_WARN_SUSPICIOUS_MOVE = YES;
				CLANG_WARN_UNGUARDED_AVAILABILITY = YES_AGGRESSIVE;
				CLANG_WARN_UNREACHABLE_CODE = YES;
				CLANG_WARN__DUPLICATE_METHOD_MATCH = YES;
				COPY_PHASE_STRIP = NO;
				DEBUG_INFORMATION_FORMAT = "dwarf-with-dsym";
				ENABLE_NS_ASSERTIONS = NO;
				ENABLE_STRICT_OBJC_MSGSEND = YES;
				GCC_C_LANGUAGE_STANDARD = gnu11;
				GCC_NO_COMMON_BLOCKS = YES;
				GCC_WARN_64_TO_32_BIT_CONVERSION = YES;
				GCC_WARN_ABOUT_RETURN_TYPE = YES_ERROR;
				GCC_WARN_UNDECLARED_SELECTOR = YES;
				GCC_WARN_UNINITIALIZED_AUTOS = YES_AGGRESSIVE;
				GCC_WARN_UNUSED_FUNCTION = YES;
				GCC_WARN_UNUSED_VARIABLE = YES;
				IPHONEOS_DEPLOYMENT_TARGET = 16.4;
				MTL_ENABLE_DEBUG_INFO = NO;
				MTL_FAST_MATH = YES;
				SDKROOT = iphoneos;
				SWIFT_COMPILATION_MODE = wholemodule;
				SWIFT_OPTIMIZATION_LEVEL = "-O";
				VALIDATE_PRODUCT = YES;
			};
			name = Release;
		};
		8A5F707C2AAFE7AE00E9DB9E /* Debug */ = {
			isa = XCBuildConfiguration;
			buildSettings = {
				ASSETCATALOG_COMPILER_APPICON_NAME = AppIcon;
				ASSETCATALOG_COMPILER_GLOBAL_ACCENT_COLOR_NAME = AccentColor;
				CODE_SIGN_STYLE = Automatic;
				CURRENT_PROJECT_VERSION = 1;
				DEVELOPMENT_TEAM = 2MAX7CXTP2;
				GENERATE_INFOPLIST_FILE = YES;
				INFOPLIST_FILE = fineDustCheck/Info.plist;
				INFOPLIST_KEY_UIApplicationSupportsIndirectInputEvents = YES;
				INFOPLIST_KEY_UILaunchStoryboardName = LaunchScreen;
				INFOPLIST_KEY_UIMainStoryboardFile = Main;
				INFOPLIST_KEY_UISupportedInterfaceOrientations_iPad = "UIInterfaceOrientationPortrait UIInterfaceOrientationPortraitUpsideDown UIInterfaceOrientationLandscapeLeft UIInterfaceOrientationLandscapeRight";
				INFOPLIST_KEY_UISupportedInterfaceOrientations_iPhone = "UIInterfaceOrientationPortrait UIInterfaceOrientationLandscapeLeft UIInterfaceOrientationLandscapeRight";
				IPHONEOS_DEPLOYMENT_TARGET = 11.0;
				LD_RUNPATH_SEARCH_PATHS = (
					"$(inherited)",
					"@executable_path/Frameworks",
				);
				MARKETING_VERSION = 1.0;
				PRODUCT_BUNDLE_IDENTIFIER = Javis.fineDustCheck;
				PRODUCT_NAME = "$(TARGET_NAME)";
				SWIFT_EMIT_LOC_STRINGS = YES;
				SWIFT_VERSION = 5.0;
				TARGETED_DEVICE_FAMILY = "1,2";
			};
			name = Debug;
		};
		8A5F707D2AAFE7AE00E9DB9E /* Release */ = {
			isa = XCBuildConfiguration;
			buildSettings = {
				ASSETCATALOG_COMPILER_APPICON_NAME = AppIcon;
				ASSETCATALOG_COMPILER_GLOBAL_ACCENT_COLOR_NAME = AccentColor;
				CODE_SIGN_STYLE = Automatic;
				CURRENT_PROJECT_VERSION = 1;
				DEVELOPMENT_TEAM = 2MAX7CXTP2;
				GENERATE_INFOPLIST_FILE = YES;
				INFOPLIST_FILE = fineDustCheck/Info.plist;
				INFOPLIST_KEY_UIApplicationSupportsIndirectInputEvents = YES;
				INFOPLIST_KEY_UILaunchStoryboardName = LaunchScreen;
				INFOPLIST_KEY_UIMainStoryboardFile = Main;
				INFOPLIST_KEY_UISupportedInterfaceOrientations_iPad = "UIInterfaceOrientationPortrait UIInterfaceOrientationPortraitUpsideDown UIInterfaceOrientationLandscapeLeft UIInterfaceOrientationLandscapeRight";
				INFOPLIST_KEY_UISupportedInterfaceOrientations_iPhone = "UIInterfaceOrientationPortrait UIInterfaceOrientationLandscapeLeft UIInterfaceOrientationLandscapeRight";
				IPHONEOS_DEPLOYMENT_TARGET = 11.0;
				LD_RUNPATH_SEARCH_PATHS = (
					"$(inherited)",
					"@executable_path/Frameworks",
				);
				MARKETING_VERSION = 1.0;
				PRODUCT_BUNDLE_IDENTIFIER = Javis.fineDustCheck;
				PRODUCT_NAME = "$(TARGET_NAME)";
				SWIFT_EMIT_LOC_STRINGS = YES;
				SWIFT_VERSION = 5.0;
				TARGETED_DEVICE_FAMILY = "1,2";
			};
			name = Release;
		};
		8A5F707F2AAFE7AE00E9DB9E /* Debug */ = {
			isa = XCBuildConfiguration;
			buildSettings = {
				ALWAYS_EMBED_SWIFT_STANDARD_LIBRARIES = YES;
				BUNDLE_LOADER = "$(TEST_HOST)";
				CODE_SIGN_STYLE = Automatic;
				CURRENT_PROJECT_VERSION = 1;
				DEVELOPMENT_TEAM = 2MAX7CXTP2;
				GENERATE_INFOPLIST_FILE = YES;
				IPHONEOS_DEPLOYMENT_TARGET = 16.4;
				MARKETING_VERSION = 1.0;
				PRODUCT_BUNDLE_IDENTIFIER = Javis.fineDustCheckTests;
				PRODUCT_NAME = "$(TARGET_NAME)";
				SWIFT_EMIT_LOC_STRINGS = NO;
				SWIFT_VERSION = 5.0;
				TARGETED_DEVICE_FAMILY = "1,2";
				TEST_HOST = "$(BUILT_PRODUCTS_DIR)/fineDustCheck.app/$(BUNDLE_EXECUTABLE_FOLDER_PATH)/fineDustCheck";
			};
			name = Debug;
		};
		8A5F70802AAFE7AE00E9DB9E /* Release */ = {
			isa = XCBuildConfiguration;
			buildSettings = {
				ALWAYS_EMBED_SWIFT_STANDARD_LIBRARIES = YES;
				BUNDLE_LOADER = "$(TEST_HOST)";
				CODE_SIGN_STYLE = Automatic;
				CURRENT_PROJECT_VERSION = 1;
				DEVELOPMENT_TEAM = 2MAX7CXTP2;
				GENERATE_INFOPLIST_FILE = YES;
				IPHONEOS_DEPLOYMENT_TARGET = 16.4;
				MARKETING_VERSION = 1.0;
				PRODUCT_BUNDLE_IDENTIFIER = Javis.fineDustCheckTests;
				PRODUCT_NAME = "$(TARGET_NAME)";
				SWIFT_EMIT_LOC_STRINGS = NO;
				SWIFT_VERSION = 5.0;
				TARGETED_DEVICE_FAMILY = "1,2";
				TEST_HOST = "$(BUILT_PRODUCTS_DIR)/fineDustCheck.app/$(BUNDLE_EXECUTABLE_FOLDER_PATH)/fineDustCheck";
			};
			name = Release;
		};
		8A5F70822AAFE7AE00E9DB9E /* Debug */ = {
			isa = XCBuildConfiguration;
			buildSettings = {
				ALWAYS_EMBED_SWIFT_STANDARD_LIBRARIES = YES;
				CODE_SIGN_STYLE = Automatic;
				CURRENT_PROJECT_VERSION = 1;
				DEVELOPMENT_TEAM = 2MAX7CXTP2;
				GENERATE_INFOPLIST_FILE = YES;
				MARKETING_VERSION = 1.0;
				PRODUCT_BUNDLE_IDENTIFIER = Javis.fineDustCheckUITests;
				PRODUCT_NAME = "$(TARGET_NAME)";
				SWIFT_EMIT_LOC_STRINGS = NO;
				SWIFT_VERSION = 5.0;
				TARGETED_DEVICE_FAMILY = "1,2";
				TEST_TARGET_NAME = fineDustCheck;
			};
			name = Debug;
		};
		8A5F70832AAFE7AE00E9DB9E /* Release */ = {
			isa = XCBuildConfiguration;
			buildSettings = {
				ALWAYS_EMBED_SWIFT_STANDARD_LIBRARIES = YES;
				CODE_SIGN_STYLE = Automatic;
				CURRENT_PROJECT_VERSION = 1;
				DEVELOPMENT_TEAM = 2MAX7CXTP2;
				GENERATE_INFOPLIST_FILE = YES;
				MARKETING_VERSION = 1.0;
				PRODUCT_BUNDLE_IDENTIFIER = Javis.fineDustCheckUITests;
				PRODUCT_NAME = "$(TARGET_NAME)";
				SWIFT_EMIT_LOC_STRINGS = NO;
				SWIFT_VERSION = 5.0;
				TARGETED_DEVICE_FAMILY = "1,2";
				TEST_TARGET_NAME = fineDustCheck;
			};
			name = Release;
		};
/* End XCBuildConfiguration section */

/* Begin XCConfigurationList section */
		8A5F704C2AAFE7AC00E9DB9E /* Build configuration list for PBXProject "fineDustCheck" */ = {
			isa = XCConfigurationList;
			buildConfigurations = (
				8A5F70792AAFE7AE00E9DB9E /* Debug */,
				8A5F707A2AAFE7AE00E9DB9E /* Release */,
			);
			defaultConfigurationIsVisible = 0;
			defaultConfigurationName = Release;
		};
		8A5F707B2AAFE7AE00E9DB9E /* Build configuration list for PBXNativeTarget "fineDustCheck" */ = {
			isa = XCConfigurationList;
			buildConfigurations = (
				8A5F707C2AAFE7AE00E9DB9E /* Debug */,
				8A5F707D2AAFE7AE00E9DB9E /* Release */,
			);
			defaultConfigurationIsVisible = 0;
			defaultConfigurationName = Release;
		};
		8A5F707E2AAFE7AE00E9DB9E /* Build configuration list for PBXNativeTarget "fineDustCheckTests" */ = {
			isa = XCConfigurationList;
			buildConfigurations = (
				8A5F707F2AAFE7AE00E9DB9E /* Debug */,
				8A5F70802AAFE7AE00E9DB9E /* Release */,
			);
			defaultConfigurationIsVisible = 0;
			defaultConfigurationName = Release;
		};
		8A5F70812AAFE7AE00E9DB9E /* Build configuration list for PBXNativeTarget "fineDustCheckUITests" */ = {
			isa = XCConfigurationList;
			buildConfigurations = (
				8A5F70822AAFE7AE00E9DB9E /* Debug */,
				8A5F70832AAFE7AE00E9DB9E /* Release */,
			);
			defaultConfigurationIsVisible = 0;
			defaultConfigurationName = Release;
		};
/* End XCConfigurationList section */

/* Begin XCRemoteSwiftPackageReference section */
		8A5F708D2AB0232000E9DB9E /* XCRemoteSwiftPackageReference "Alamofire" */ = {
			isa = XCRemoteSwiftPackageReference;
			repositoryURL = "https://github.com/Alamofire/Alamofire";
			requirement = {
				kind = upToNextMajorVersion;
				minimumVersion = 5.0.0;
			};
		};
		8A5F70902AB0236A00E9DB9E /* XCRemoteSwiftPackageReference "SwiftyJSON" */ = {
			isa = XCRemoteSwiftPackageReference;
			repositoryURL = "https://github.com/SwiftyJSON/SwiftyJSON";
			requirement = {
				kind = upToNextMajorVersion;
				minimumVersion = 5.0.0;
			};
		};
		8A5F70932AB0237A00E9DB9E /* XCRemoteSwiftPackageReference "Then" */ = {
			isa = XCRemoteSwiftPackageReference;
			repositoryURL = "https://github.com/devxoul/Then";
			requirement = {
				kind = upToNextMajorVersion;
				minimumVersion = 3.0.0;
			};
		};
/* End XCRemoteSwiftPackageReference section */

/* Begin XCSwiftPackageProductDependency section */
		8A5F708E2AB0232000E9DB9E /* Alamofire */ = {
			isa = XCSwiftPackageProductDependency;
			package = 8A5F708D2AB0232000E9DB9E /* XCRemoteSwiftPackageReference "Alamofire" */;
			productName = Alamofire;
		};
		8A5F70912AB0236A00E9DB9E /* SwiftyJSON */ = {
			isa = XCSwiftPackageProductDependency;
			package = 8A5F70902AB0236A00E9DB9E /* XCRemoteSwiftPackageReference "SwiftyJSON" */;
			productName = SwiftyJSON;
		};
		8A5F70942AB0237A00E9DB9E /* Then */ = {
			isa = XCSwiftPackageProductDependency;
			package = 8A5F70932AB0237A00E9DB9E /* XCRemoteSwiftPackageReference "Then" */;
			productName = Then;
		};
/* End XCSwiftPackageProductDependency section */
	};
	rootObject = 8A5F70492AAFE7AC00E9DB9E /* Project object */;
}
